{
  "name": "angular-electron",
  "version": "10.1.0",
  "lockfileVersion": 1,
  "requires": true,
  "dependencies": {
    "@electron/remote": {
      "version": "1.2.0",
      "resolved": "https://registry.npmjs.org/@electron/remote/-/remote-1.2.0.tgz",
      "integrity": "sha512-C774t2DFVJsa+dxU9Gc2nYzylRZoJ79I0Sxrh8T9cN69fBkntfGbyBEQiD9UfZopqL0CYLzk1anY2Ywhql6h1w=="
    }
  }
}
