{
  "name": "angular-electron",
  "version": "10.0.0",
  "lockfileVersion": 1,
  "requires": true,
  "dependencies": {
    "@electron/remote": {
      "version": "1.0.4",
      "resolved": "https://registry.npmjs.org/@electron/remote/-/remote-1.0.4.tgz",
      "integrity": "sha512-kguDJRhL3ZynHrkbX8Tr7xoAzGsNgh4eqXkycXb6cgXbOgehGqkBVe+MnjSVMXz3QJykerGKPy28gqcM7AFGYw=="
    }
  }
}
